
Microsoft Visual Studio Solution File, Format Version 12.00
# Visual Studio Version 16
VisualStudioVersion = 16.0.31313.79
MinimumVisualStudioVersion = 10.0.40219.1
Project("{2150E333-8FDC-42A3-9474-1A3956D46DE8}") = "solution", "solution", "{30212CBA-9B8A-4FAB-A110-13F000F7F1EF}"
EndProject
Project("{2150E333-8FDC-42A3-9474-1A3956D46DE8}") = "src", "src", "{438282C7-4182-4379-B946-87719EB7F247}"
EndProject
Project("{2150E333-8FDC-42A3-9474-1A3956D46DE8}") = "tests", "tests", "{848A53AB-DA3E-49BA-ACED-4A464A5A0515}"
EndProject
Project("{9A19103F-16F7-4668-BE54-9A1E7A4F7556}") = "FieldMgt.API", "FieldMgt.API\FieldMgt.API.csproj", "{EFC2FB77-AA65-4076-B23D-CF281BF0A289}"
EndProject
Project("{9A19103F-16F7-4668-BE54-9A1E7A4F7556}") = "FieldMgt.Core", "FieldMgt.Core\FieldMgt.Core.csproj", "{21D0DB64-4EA3-44D7-BE93-6E9E86927B83}"
EndProject
Project("{9A19103F-16F7-4668-BE54-9A1E7A4F7556}") = "FieldMgt.Repository", "FieldMgt.Repository\FieldMgt.Repository.csproj", "{46ACBAD9-CE8F-430A-B0A0-0337CD173C13}"
EndProject
Project("{2150E333-8FDC-42A3-9474-1A3956D46DE8}") = "Vendor", "Vendor", "{F52A2098-F3F1-4C46-961D-3D268225883C}"
EndProject
Project("{2150E333-8FDC-42A3-9474-1A3956D46DE8}") = "APIs", "APIs", "{7FBB1297-CA69-4BEB-A215-7D1AC1431797}"
EndProject
Project("{2150E333-8FDC-42A3-9474-1A3956D46DE8}") = "Repositories", "Repositories", "{CC9F677C-5664-4F4E-B0A8-13FC0EB865BE}"
EndProject
Project("{9A19103F-16F7-4668-BE54-9A1E7A4F7556}") = "TestProject1", "..\tests\Vendor\Respositories\TestProject1\TestProject1.csproj", "{16F73BC1-685F-49DD-A5D1-4E6088258A39}"
EndProject
Global
	GlobalSection(SolutionConfigurationPlatforms) = preSolution
		Debug|Any CPU = Debug|Any CPU
		Release|Any CPU = Release|Any CPU
	EndGlobalSection
	GlobalSection(ProjectConfigurationPlatforms) = postSolution
		{EFC2FB77-AA65-4076-B23D-CF281BF0A289}.Debug|Any CPU.ActiveCfg = Debug|Any CPU
		{EFC2FB77-AA65-4076-B23D-CF281BF0A289}.Debug|Any CPU.Build.0 = Debug|Any CPU
		{EFC2FB77-AA65-4076-B23D-CF281BF0A289}.Release|Any CPU.ActiveCfg = Release|Any CPU
		{EFC2FB77-AA65-4076-B23D-CF281BF0A289}.Release|Any CPU.Build.0 = Release|Any CPU
		{21D0DB64-4EA3-44D7-BE93-6E9E86927B83}.Debug|Any CPU.ActiveCfg = Debug|Any CPU
		{21D0DB64-4EA3-44D7-BE93-6E9E86927B83}.Debug|Any CPU.Build.0 = Debug|Any CPU
		{21D0DB64-4EA3-44D7-BE93-6E9E86927B83}.Release|Any CPU.ActiveCfg = Release|Any CPU
		{21D0DB64-4EA3-44D7-BE93-6E9E86927B83}.Release|Any CPU.Build.0 = Release|Any CPU
		{46ACBAD9-CE8F-430A-B0A0-0337CD173C13}.Debug|Any CPU.ActiveCfg = Debug|Any CPU
		{46ACBAD9-CE8F-430A-B0A0-0337CD173C13}.Debug|Any CPU.Build.0 = Debug|Any CPU
		{46ACBAD9-CE8F-430A-B0A0-0337CD173C13}.Release|Any CPU.ActiveCfg = Release|Any CPU
		{46ACBAD9-CE8F-430A-B0A0-0337CD173C13}.Release|Any CPU.Build.0 = Release|Any CPU
		{16F73BC1-685F-49DD-A5D1-4E6088258A39}.Debug|Any CPU.ActiveCfg = Debug|Any CPU
		{16F73BC1-685F-49DD-A5D1-4E6088258A39}.Debug|Any CPU.Build.0 = Debug|Any CPU
		{16F73BC1-685F-49DD-A5D1-4E6088258A39}.Release|Any CPU.ActiveCfg = Release|Any CPU
		{16F73BC1-685F-49DD-A5D1-4E6088258A39}.Release|Any CPU.Build.0 = Release|Any CPU
	EndGlobalSection
	GlobalSection(SolutionProperties) = preSolution
		HideSolutionNode = FALSE
	EndGlobalSection
	GlobalSection(NestedProjects) = preSolution
		{30212CBA-9B8A-4FAB-A110-13F000F7F1EF} = {438282C7-4182-4379-B946-87719EB7F247}
		{848A53AB-DA3E-49BA-ACED-4A464A5A0515} = {438282C7-4182-4379-B946-87719EB7F247}
		{EFC2FB77-AA65-4076-B23D-CF281BF0A289} = {30212CBA-9B8A-4FAB-A110-13F000F7F1EF}
		{21D0DB64-4EA3-44D7-BE93-6E9E86927B83} = {30212CBA-9B8A-4FAB-A110-13F000F7F1EF}
		{46ACBAD9-CE8F-430A-B0A0-0337CD173C13} = {30212CBA-9B8A-4FAB-A110-13F000F7F1EF}
		{F52A2098-F3F1-4C46-961D-3D268225883C} = {848A53AB-DA3E-49BA-ACED-4A464A5A0515}
		{7FBB1297-CA69-4BEB-A215-7D1AC1431797} = {F52A2098-F3F1-4C46-961D-3D268225883C}
		{CC9F677C-5664-4F4E-B0A8-13FC0EB865BE} = {F52A2098-F3F1-4C46-961D-3D268225883C}
		{16F73BC1-685F-49DD-A5D1-4E6088258A39} = {CC9F677C-5664-4F4E-B0A8-13FC0EB865BE}
	EndGlobalSection
	GlobalSection(ExtensibilityGlobals) = postSolution
		SolutionGuid = {02868F94-C344-473B-96BA-F883FFD297D8}
	EndGlobalSection
EndGlobal
